
Microsoft Visual Studio Solution File, Format Version 12.00
# Visual Studio Version 17
VisualStudioVersion = 17.3.32929.385
MinimumVisualStudioVersion = 10.0.40219.1
Project("{FAE04EC0-301F-11D3-BF4B-00C04F79EFBC}") = "Home_Work_4_1", "Home_Work_4\Home_Work_4_1.csproj", "{1F03ED21-7CC1-420F-B972-552CFB9B22BE}"
EndProject
Project("{FAE04EC0-301F-11D3-BF4B-00C04F79EFBC}") = "Home_Work_4_2", "Home_Work_4_2\Home_Work_4_2.csproj", "{587F9392-0D6A-45C6-BA60-692E7B77A565}"
EndProject
Project("{FAE04EC0-301F-11D3-BF4B-00C04F79EFBC}") = "Home_Work_4_3", "Home_Work_4_3\Home_Work_4_3.csproj", "{235A7F34-AC70-470B-ABA8-0C14980C9721}"
EndProject
Global
	GlobalSection(SolutionConfigurationPlatforms) = preSolution
		Debug|Any CPU = Debug|Any CPU
		Release|Any CPU = Release|Any CPU
	EndGlobalSection
	GlobalSection(ProjectConfigurationPlatforms) = postSolution
		{1F03ED21-7CC1-420F-B972-552CFB9B22BE}.Debug|Any CPU.ActiveCfg = Debug|Any CPU
		{1F03ED21-7CC1-420F-B972-552CFB9B22BE}.Debug|Any CPU.Build.0 = Debug|Any CPU
		{1F03ED21-7CC1-420F-B972-552CFB9B22BE}.Release|Any CPU.ActiveCfg = Release|Any CPU
		{1F03ED21-7CC1-420F-B972-552CFB9B22BE}.Release|Any CPU.Build.0 = Release|Any CPU
		{587F9392-0D6A-45C6-BA60-692E7B77A565}.Debug|Any CPU.ActiveCfg = Debug|Any CPU
		{587F9392-0D6A-45C6-BA60-692E7B77A565}.Debug|Any CPU.Build.0 = Debug|Any CPU
		{587F9392-0D6A-45C6-BA60-692E7B77A565}.Release|Any CPU.ActiveCfg = Release|Any CPU
		{587F9392-0D6A-45C6-BA60-692E7B77A565}.Release|Any CPU.Build.0 = Release|Any CPU
		{235A7F34-AC70-470B-ABA8-0C14980C9721}.Debug|Any CPU.ActiveCfg = Debug|Any CPU
		{235A7F34-AC70-470B-ABA8-0C14980C9721}.Debug|Any CPU.Build.0 = Debug|Any CPU
		{235A7F34-AC70-470B-ABA8-0C14980C9721}.Release|Any CPU.ActiveCfg = Release|Any CPU
		{235A7F34-AC70-470B-ABA8-0C14980C9721}.Release|Any CPU.Build.0 = Release|Any CPU
	EndGlobalSection
	GlobalSection(SolutionProperties) = preSolution
		HideSolutionNode = FALSE
	EndGlobalSection
	GlobalSection(ExtensibilityGlobals) = postSolution
		SolutionGuid = {0EB2A02A-695D-45C1-8AB7-0F7D16861A59}
	EndGlobalSection
EndGlobal
